{
  "name": "@abapify/promise",
  "version": "1.0.0",
  "lockfileVersion": 2,
  "requires": true,
  "packages": {
    "": {
      "name": "@abapify/promise",
      "version": "1.0.0",
      "license": "ISC",
      "dependencies": {
        "@abaplint/cli": "^2.91.4",
        "@abaplint/transpiler-cli": "^2.0.44"
      },
      "devDependencies": {
        "dotenv-run-script": "^0.2.0"
      }
    },
    "node_modules/@abaplint/cli": {
      "version": "2.91.4",
      "resolved": "https://registry.npmjs.org/@abaplint/cli/-/cli-2.91.4.tgz",
      "integrity": "sha512-OzbdNHM4zfLEzjGkfHe5PV1oXZqckUXUqyMSLuqzIzKQg4+GMlc2/+DrrvacokQexlZu7jdjclba+z6dp+cXrQ==",
      "bin": {
        "abaplint": "abaplint"
      },
      "engines": {
        "node": ">=12.0.0"
      }
    },
    "node_modules/@abaplint/transpiler-cli": {
      "version": "2.0.44",
      "resolved": "https://registry.npmjs.org/@abaplint/transpiler-cli/-/transpiler-cli-2.0.44.tgz",
      "integrity": "sha512-u7qpgH4DweNkGLv2XbV0u5mwj498EUpaNVErxI6vqmU4bu9RLx2j3cC9hu1MGE72duzo3qWRz/Ki3Qqm5I6thQ==",
      "bin": {
        "abap_transpile": "abap_transpile"
      }
    },
    "node_modules/dotenv": {
      "version": "8.6.0",
      "resolved": "https://registry.npmjs.org/dotenv/-/dotenv-8.6.0.tgz",
      "integrity": "sha512-IrPdXQsk2BbzvCBGBOTmmSH5SodmqZNt4ERAZDmW4CT+tL8VtvinqywuANaFu4bOMWki16nqf0e4oC0QIaDr/g==",
      "dev": true,
      "engines": {
        "node": ">=10"
      }
    },
    "node_modules/dotenv-expand": {
      "version": "5.1.0",
      "resolved": "https://registry.npmjs.org/dotenv-expand/-/dotenv-expand-5.1.0.tgz",
      "integrity": "sha512-YXQl1DSa4/PQyRfgrv6aoNjhasp/p4qs9FjJ4q4cQk+8m4r6k4ZSiEyytKG8f8W9gi8WsQtIObNmKd+tMzNTmA==",
      "dev": true
    },
    "node_modules/dotenv-run-script": {
      "version": "0.2.0",
      "resolved": "https://registry.npmjs.org/dotenv-run-script/-/dotenv-run-script-0.2.0.tgz",
      "integrity": "sha512-7uLtpTeGZAcIa0qF+zd8ZAS9CZrRf3RyggsHXveO/LBY48y2nwVVbmqnC2nU4/s5abSWEg7IvpcjXjMrUmnQJA==",
      "dev": true,
      "dependencies": {
        "dotenv": "^8.2.0",
        "dotenv-expand": "^5.1.0"
      },
      "bin": {
        "dotenv-run-script": "bin/dotenv-run-script"
      }
    }
  },
  "dependencies": {
    "@abaplint/cli": {
      "version": "2.91.4",
      "resolved": "https://registry.npmjs.org/@abaplint/cli/-/cli-2.91.4.tgz",
      "integrity": "sha512-OzbdNHM4zfLEzjGkfHe5PV1oXZqckUXUqyMSLuqzIzKQg4+GMlc2/+DrrvacokQexlZu7jdjclba+z6dp+cXrQ=="
    },
    "@abaplint/transpiler-cli": {
      "version": "2.0.44",
      "resolved": "https://registry.npmjs.org/@abaplint/transpiler-cli/-/transpiler-cli-2.0.44.tgz",
      "integrity": "sha512-u7qpgH4DweNkGLv2XbV0u5mwj498EUpaNVErxI6vqmU4bu9RLx2j3cC9hu1MGE72duzo3qWRz/Ki3Qqm5I6thQ=="
    },
    "dotenv": {
      "version": "8.6.0",
      "resolved": "https://registry.npmjs.org/dotenv/-/dotenv-8.6.0.tgz",
      "integrity": "sha512-IrPdXQsk2BbzvCBGBOTmmSH5SodmqZNt4ERAZDmW4CT+tL8VtvinqywuANaFu4bOMWki16nqf0e4oC0QIaDr/g==",
      "dev": true
    },
    "dotenv-expand": {
      "version": "5.1.0",
      "resolved": "https://registry.npmjs.org/dotenv-expand/-/dotenv-expand-5.1.0.tgz",
      "integrity": "sha512-YXQl1DSa4/PQyRfgrv6aoNjhasp/p4qs9FjJ4q4cQk+8m4r6k4ZSiEyytKG8f8W9gi8WsQtIObNmKd+tMzNTmA==",
      "dev": true
    },
    "dotenv-run-script": {
      "version": "0.2.0",
      "resolved": "https://registry.npmjs.org/dotenv-run-script/-/dotenv-run-script-0.2.0.tgz",
      "integrity": "sha512-7uLtpTeGZAcIa0qF+zd8ZAS9CZrRf3RyggsHXveO/LBY48y2nwVVbmqnC2nU4/s5abSWEg7IvpcjXjMrUmnQJA==",
      "dev": true,
      "requires": {
        "dotenv": "^8.2.0",
        "dotenv-expand": "^5.1.0"
      }
    }
  }
}
